
Microsoft Visual Studio Solution File, Format Version 12.00
# Visual Studio Version 17
VisualStudioVersion = 17.0.32014.148
MinimumVisualStudioVersion = 10.0.40219.1
Project("{9A19103F-16F7-4668-BE54-9A1E7A4F7556}") = "E3DC.RSCP.Example", "E3DC.RSCP.Example\E3DC.RSCP.Example.csproj", "{01C42CD8-F496-4775-8688-3981BDFFEA68}"
EndProject
Project("{9A19103F-16F7-4668-BE54-9A1E7A4F7556}") = "E3DC.RSCP.Lib", "E3DC.RSCP.Lib\E3DC.RSCP.Lib.csproj", "{03417A23-50D2-4C27-80E2-A313C8391AE3}"
EndProject
Project("{2150E333-8FDC-42A3-9474-1A3956D46DE8}") = "Solution Items", "Solution Items", "{2FBFAFE6-9535-48A7-97D0-9B1D8146A540}"
	ProjectSection(SolutionItems) = preProject
		Readme.md = Readme.md
	EndProjectSection
EndProject
Global
	GlobalSection(SolutionConfigurationPlatforms) = preSolution
		Debug|Any CPU = Debug|Any CPU
		Release|Any CPU = Release|Any CPU
	EndGlobalSection
	GlobalSection(ProjectConfigurationPlatforms) = postSolution
		{01C42CD8-F496-4775-8688-3981BDFFEA68}.Debug|Any CPU.ActiveCfg = Debug|Any CPU
		{01C42CD8-F496-4775-8688-3981BDFFEA68}.Debug|Any CPU.Build.0 = Debug|Any CPU
		{01C42CD8-F496-4775-8688-3981BDFFEA68}.Release|Any CPU.ActiveCfg = Release|Any CPU
		{01C42CD8-F496-4775-8688-3981BDFFEA68}.Release|Any CPU.Build.0 = Release|Any CPU
		{03417A23-50D2-4C27-80E2-A313C8391AE3}.Debug|Any CPU.ActiveCfg = Debug|Any CPU
		{03417A23-50D2-4C27-80E2-A313C8391AE3}.Debug|Any CPU.Build.0 = Debug|Any CPU
		{03417A23-50D2-4C27-80E2-A313C8391AE3}.Release|Any CPU.ActiveCfg = Release|Any CPU
		{03417A23-50D2-4C27-80E2-A313C8391AE3}.Release|Any CPU.Build.0 = Release|Any CPU
	EndGlobalSection
	GlobalSection(SolutionProperties) = preSolution
		HideSolutionNode = FALSE
	EndGlobalSection
	GlobalSection(ExtensibilityGlobals) = postSolution
		SolutionGuid = {A4E8B05F-E5F8-4CA3-95E1-0250C8062929}
	EndGlobalSection
EndGlobal
